
Microsoft Visual Studio Solution File, Format Version 12.00
Project("{2150E333-8FDC-42A3-9474-1A3956D46DE8}") = "Tests", "Tests", "{BEBDA5AC-09CA-4C26-8BC3-1A33360D1405}"
EndProject
Project("{FAE04EC0-301F-11D3-BF4B-00C04F79EFBC}") = "LogixDb.Cli", "LogixDb.Cli\LogixDb.Cli.csproj", "{B5766C67-B5F6-4978-9258-EA8AAF242DDC}"
EndProject
Project("{FAE04EC0-301F-11D3-BF4B-00C04F79EFBC}") = "LogixDb.Sqlite", "LogixDb.Sqlite\LogixDb.Sqlite.csproj", "{4AEF2B32-42BB-4892-B17B-CB14E7AA0F7C}"
EndProject
Project("{FAE04EC0-301F-11D3-BF4B-00C04F79EFBC}") = "LogixDb.SqlServer", "LogixDb.SqlServer\LogixDb.SqlServer.csproj", "{EE45F858-3361-4220-A85E-B76258782A92}"
EndProject
Project("{FAE04EC0-301F-11D3-BF4B-00C04F79EFBC}") = "LogixDb.Migrations", "LogixDb.Migrations\LogixDb.Migrations.csproj", "{DBFEC497-660A-4C44-A370-FD726CF9A079}"
EndProject
Project("{FAE04EC0-301F-11D3-BF4B-00C04F79EFBC}") = "LogixDb.Core", "LogixDb.Core\LogixDb.Core.csproj", "{32C44799-68EF-4867-9E9A-E88A294648F3}"
EndProject
Project("{FAE04EC0-301F-11D3-BF4B-00C04F79EFBC}") = "LogixDb.Sqlite.Tests", "..\test\LogixDb.Sqlite.Tests\LogixDb.Sqlite.Tests.csproj", "{3194B7A6-F02D-49A7-A9D4-5386F296794C}"
EndProject
Project("{FAE04EC0-301F-11D3-BF4B-00C04F79EFBC}") = "LogixDb.SqlServer.Tests", "..\test\LogixDb.SqlServer.Tests\LogixDb.SqlServer.Tests.csproj", "{8F484DD9-D3B5-4AC6-9F9A-568B0FCCE03E}"
EndProject
Project("{FAE04EC0-301F-11D3-BF4B-00C04F79EFBC}") = "LogixDb.Core.Tests", "..\test\LogixDb.Core.Tests\LogixDb.Core.Tests.csproj", "{CAC56592-2058-4898-B584-5A780EB005CD}"
EndProject
Project("{FAE04EC0-301F-11D3-BF4B-00C04F79EFBC}") = "LogixDb.Testing", "..\test\LogixDb.Testing\LogixDb.Testing.csproj", "{021E8BE9-47AA-44C1-8C7B-D08252A07715}"
EndProject
Project("{FAE04EC0-301F-11D3-BF4B-00C04F79EFBC}") = "LogixDb.Cli.Tests", "..\test\LogixDb.Cli.Tests\LogixDb.Cli.Tests.csproj", "{7A170846-E09F-499A-9277-9A62C1553CD3}"
EndProject
Global
	GlobalSection(SolutionConfigurationPlatforms) = preSolution
		Debug|Any CPU = Debug|Any CPU
		Release|Any CPU = Release|Any CPU
	EndGlobalSection
	GlobalSection(ProjectConfigurationPlatforms) = postSolution
		{B5766C67-B5F6-4978-9258-EA8AAF242DDC}.Debug|Any CPU.ActiveCfg = Debug|Any CPU
		{B5766C67-B5F6-4978-9258-EA8AAF242DDC}.Debug|Any CPU.Build.0 = Debug|Any CPU
		{B5766C67-B5F6-4978-9258-EA8AAF242DDC}.Release|Any CPU.ActiveCfg = Release|Any CPU
		{B5766C67-B5F6-4978-9258-EA8AAF242DDC}.Release|Any CPU.Build.0 = Release|Any CPU
		{4AEF2B32-42BB-4892-B17B-CB14E7AA0F7C}.Debug|Any CPU.ActiveCfg = Debug|Any CPU
		{4AEF2B32-42BB-4892-B17B-CB14E7AA0F7C}.Debug|Any CPU.Build.0 = Debug|Any CPU
		{4AEF2B32-42BB-4892-B17B-CB14E7AA0F7C}.Release|Any CPU.ActiveCfg = Release|Any CPU
		{4AEF2B32-42BB-4892-B17B-CB14E7AA0F7C}.Release|Any CPU.Build.0 = Release|Any CPU
		{EE45F858-3361-4220-A85E-B76258782A92}.Debug|Any CPU.ActiveCfg = Debug|Any CPU
		{EE45F858-3361-4220-A85E-B76258782A92}.Debug|Any CPU.Build.0 = Debug|Any CPU
		{EE45F858-3361-4220-A85E-B76258782A92}.Release|Any CPU.ActiveCfg = Release|Any CPU
		{EE45F858-3361-4220-A85E-B76258782A92}.Release|Any CPU.Build.0 = Release|Any CPU
		{DBFEC497-660A-4C44-A370-FD726CF9A079}.Debug|Any CPU.ActiveCfg = Debug|Any CPU
		{DBFEC497-660A-4C44-A370-FD726CF9A079}.Debug|Any CPU.Build.0 = Debug|Any CPU
		{DBFEC497-660A-4C44-A370-FD726CF9A079}.Release|Any CPU.ActiveCfg = Release|Any CPU
		{DBFEC497-660A-4C44-A370-FD726CF9A079}.Release|Any CPU.Build.0 = Release|Any CPU
		{32C44799-68EF-4867-9E9A-E88A294648F3}.Debug|Any CPU.ActiveCfg = Debug|Any CPU
		{32C44799-68EF-4867-9E9A-E88A294648F3}.Debug|Any CPU.Build.0 = Debug|Any CPU
		{32C44799-68EF-4867-9E9A-E88A294648F3}.Release|Any CPU.ActiveCfg = Release|Any CPU
		{32C44799-68EF-4867-9E9A-E88A294648F3}.Release|Any CPU.Build.0 = Release|Any CPU
		{3194B7A6-F02D-49A7-A9D4-5386F296794C}.Debug|Any CPU.ActiveCfg = Debug|Any CPU
		{3194B7A6-F02D-49A7-A9D4-5386F296794C}.Debug|Any CPU.Build.0 = Debug|Any CPU
		{3194B7A6-F02D-49A7-A9D4-5386F296794C}.Release|Any CPU.ActiveCfg = Release|Any CPU
		{3194B7A6-F02D-49A7-A9D4-5386F296794C}.Release|Any CPU.Build.0 = Release|Any CPU
		{8F484DD9-D3B5-4AC6-9F9A-568B0FCCE03E}.Debug|Any CPU.ActiveCfg = Debug|Any CPU
		{8F484DD9-D3B5-4AC6-9F9A-568B0FCCE03E}.Debug|Any CPU.Build.0 = Debug|Any CPU
		{8F484DD9-D3B5-4AC6-9F9A-568B0FCCE03E}.Release|Any CPU.ActiveCfg = Release|Any CPU
		{8F484DD9-D3B5-4AC6-9F9A-568B0FCCE03E}.Release|Any CPU.Build.0 = Release|Any CPU
		{CAC56592-2058-4898-B584-5A780EB005CD}.Debug|Any CPU.ActiveCfg = Debug|Any CPU
		{CAC56592-2058-4898-B584-5A780EB005CD}.Debug|Any CPU.Build.0 = Debug|Any CPU
		{CAC56592-2058-4898-B584-5A780EB005CD}.Release|Any CPU.ActiveCfg = Release|Any CPU
		{CAC56592-2058-4898-B584-5A780EB005CD}.Release|Any CPU.Build.0 = Release|Any CPU
		{021E8BE9-47AA-44C1-8C7B-D08252A07715}.Debug|Any CPU.ActiveCfg = Debug|Any CPU
		{021E8BE9-47AA-44C1-8C7B-D08252A07715}.Debug|Any CPU.Build.0 = Debug|Any CPU
		{021E8BE9-47AA-44C1-8C7B-D08252A07715}.Release|Any CPU.ActiveCfg = Release|Any CPU
		{021E8BE9-47AA-44C1-8C7B-D08252A07715}.Release|Any CPU.Build.0 = Release|Any CPU
		{7A170846-E09F-499A-9277-9A62C1553CD3}.Debug|Any CPU.ActiveCfg = Debug|Any CPU
		{7A170846-E09F-499A-9277-9A62C1553CD3}.Debug|Any CPU.Build.0 = Debug|Any CPU
		{7A170846-E09F-499A-9277-9A62C1553CD3}.Release|Any CPU.ActiveCfg = Release|Any CPU
		{7A170846-E09F-499A-9277-9A62C1553CD3}.Release|Any CPU.Build.0 = Release|Any CPU
	EndGlobalSection
	GlobalSection(NestedProjects) = preSolution
		{3194B7A6-F02D-49A7-A9D4-5386F296794C} = {BEBDA5AC-09CA-4C26-8BC3-1A33360D1405}
		{8F484DD9-D3B5-4AC6-9F9A-568B0FCCE03E} = {BEBDA5AC-09CA-4C26-8BC3-1A33360D1405}
		{CAC56592-2058-4898-B584-5A780EB005CD} = {BEBDA5AC-09CA-4C26-8BC3-1A33360D1405}
		{021E8BE9-47AA-44C1-8C7B-D08252A07715} = {BEBDA5AC-09CA-4C26-8BC3-1A33360D1405}
		{7A170846-E09F-499A-9277-9A62C1553CD3} = {BEBDA5AC-09CA-4C26-8BC3-1A33360D1405}
	EndGlobalSection
EndGlobal
